
Microsoft Visual Studio Solution File, Format Version 12.00
# Visual Studio Version 17
VisualStudioVersion = 17.8.34511.84
MinimumVisualStudioVersion = 10.0.40219.1
Project("{FAE04EC0-301F-11D3-BF4B-00C04F79EFBC}") = "MVCIntroDemo", "MVCIntroDemo\MVCIntroDemo.csproj", "{D8316187-82A6-4AA8-9398-3E69D302A040}"
EndProject
Global
	GlobalSection(SolutionConfigurationPlatforms) = preSolution
		Debug|Any CPU = Debug|Any CPU
		Release|Any CPU = Release|Any CPU
	EndGlobalSection
	GlobalSection(ProjectConfigurationPlatforms) = postSolution
		{D8316187-82A6-4AA8-9398-3E69D302A040}.Debug|Any CPU.ActiveCfg = Debug|Any CPU
		{D8316187-82A6-4AA8-9398-3E69D302A040}.Debug|Any CPU.Build.0 = Debug|Any CPU
		{D8316187-82A6-4AA8-9398-3E69D302A040}.Release|Any CPU.ActiveCfg = Release|Any CPU
		{D8316187-82A6-4AA8-9398-3E69D302A040}.Release|Any CPU.Build.0 = Release|Any CPU
	EndGlobalSection
	GlobalSection(SolutionProperties) = preSolution
		HideSolutionNode = FALSE
	EndGlobalSection
	GlobalSection(ExtensibilityGlobals) = postSolution
		SolutionGuid = {DC948254-85A2-4063-B196-FD1186EE2DB2}
	EndGlobalSection
EndGlobal
